
Microsoft Visual Studio Solution File, Format Version 12.00
# Visual Studio Version 17
VisualStudioVersion = 17.10.35004.147
MinimumVisualStudioVersion = 10.0.40219.1
Project("{2150E333-8FDC-42A3-9474-1A3956D46DE8}") = "Task0", "Task0", "{A8AA26D7-B25E-4379-9327-50E1A420A529}"
EndProject
Project("{9A19103F-16F7-4668-BE54-9A1E7A4F7556}") = "Tyuiu.StoletovNA.Sprint1.Task0.V24", "Tyuiu.StoletovNA.Sprint1.Task0.V24\Tyuiu.StoletovNA.Sprint1.Task0.V24.csproj", "{F43318C7-2641-4D4B-B32C-76901113FBC8}"
EndProject
Project("{9A19103F-16F7-4668-BE54-9A1E7A4F7556}") = "Tyuiu.StoletovNA.Sprint1.Task0.V24.Lib", "Tyuiu.StoletovNA.Sprint1.Task0.V24.Lib\Tyuiu.StoletovNA.Sprint1.Task0.V24.Lib.csproj", "{5F2A3378-8332-4E9B-8E79-926642A93EFA}"
EndProject
Project("{9A19103F-16F7-4668-BE54-9A1E7A4F7556}") = "Tyuiu.StoletovNA.Sprint1.Task0.V24.Test", "Tyuiu.StoletovNA.Sprint1.Task0.V24.Test\Tyuiu.StoletovNA.Sprint1.Task0.V24.Test.csproj", "{BD4E2DC8-AB8B-4FD6-9B06-49D7D5699097}"
EndProject
Project("{2150E333-8FDC-42A3-9474-1A3956D46DE8}") = "Task1", "Task1", "{61AD959D-4BE8-49E7-AE57-932D6C72EF76}"
EndProject
Project("{9A19103F-16F7-4668-BE54-9A1E7A4F7556}") = "Tyuiu.StoletovNA.Sprint1.Task1.V8", "Tyuiu.StoletovNA.Sprint1.Task1.V8\Tyuiu.StoletovNA.Sprint1.Task1.V8.csproj", "{992E6A23-BED9-4321-AE0F-E4502485B0BE}"
EndProject
Project("{9A19103F-16F7-4668-BE54-9A1E7A4F7556}") = "Tyuiu.StoletovNA.Sprint1.Task1.V8.Lib", "Tyuiu.StoletovNA.Sprint1.Task1.V8.Lib\Tyuiu.StoletovNA.Sprint1.Task1.V8.Lib.csproj", "{3E642DB4-9CED-4EF0-B83E-7AE3F58133C5}"
EndProject
Project("{9A19103F-16F7-4668-BE54-9A1E7A4F7556}") = "Tyuiu.StoletovNA.Sprint1.Task1.V8.Test", "Tyuiu.StoletovNA.Sprint1.Task1.V8.Test\Tyuiu.StoletovNA.Sprint1.Task1.V8.Test.csproj", "{549A2D19-F457-4973-86B6-1E295004D1C3}"
EndProject
Project("{2150E333-8FDC-42A3-9474-1A3956D46DE8}") = "Task2", "Task2", "{FFBCC24F-BC3B-4A5D-AEF4-B670A981DA40}"
EndProject
Project("{9A19103F-16F7-4668-BE54-9A1E7A4F7556}") = "Tyuiu.StoletovNA.Sprint1.Task2.V12", "Tyuiu.StoletovNA.Sprint1.Task2.V12\Tyuiu.StoletovNA.Sprint1.Task2.V12.csproj", "{DCCF537F-5C58-462E-9F6F-415F9A7E261A}"
EndProject
Project("{9A19103F-16F7-4668-BE54-9A1E7A4F7556}") = "Tyuiu.StoletovNA.Sprint1.Task2.V12.Lib", "Tyuiu.StoletovNA.Sprint1.Task2.V12.Lib\Tyuiu.StoletovNA.Sprint1.Task2.V12.Lib.csproj", "{D7BAF4F6-07D6-495D-A250-E2992D693860}"
EndProject
Project("{9A19103F-16F7-4668-BE54-9A1E7A4F7556}") = "Tyuiu.StoletovNA.Sprint1.Task2.V12.Test", "Tyuiu.StoletovNA.Sprint1.Task2.V12.Test\Tyuiu.StoletovNA.Sprint1.Task2.V12.Test.csproj", "{034F7F56-7A2A-47D6-9021-9E7B2A1C04A1}"
EndProject
Project("{2150E333-8FDC-42A3-9474-1A3956D46DE8}") = "Task3", "Task3", "{01383578-6B8D-4E52-A60B-95867A6E2C2B}"
EndProject
Project("{FAE04EC0-301F-11D3-BF4B-00C04F79EFBC}") = "Tyuiu.StoletovNA.Sprint1.Task3.V8", "Tyuiu.StoletovNA.Sprint1.Task3.V8\Tyuiu.StoletovNA.Sprint1.Task3.V8.csproj", "{34E667CB-CB12-4E0D-9978-2CDF7CB32835}"
EndProject
Project("{FAE04EC0-301F-11D3-BF4B-00C04F79EFBC}") = "Tyuiu.StoletovNA.Sprint1.Task3.V8.Lib", "Tyuiu.StoletovNA.Sprint1.Task3.V8.Lib\Tyuiu.StoletovNA.Sprint1.Task3.V8.Lib.csproj", "{87E5312F-BF2F-4B20-A380-BC78FDCE1BC2}"
EndProject
Project("{FAE04EC0-301F-11D3-BF4B-00C04F79EFBC}") = "Tyuiu.StoletovNA.Sprint1.Task3.V8.Test", "Tyuiu.StoletovNA.Sprint1.Task3.V8.Test\Tyuiu.StoletovNA.Sprint1.Task3.V8.Test.csproj", "{C5A72859-0EE7-46F0-8E4F-E06D7B61211A}"
EndProject
Global
	GlobalSection(SolutionConfigurationPlatforms) = preSolution
		Debug|Any CPU = Debug|Any CPU
		Release|Any CPU = Release|Any CPU
	EndGlobalSection
	GlobalSection(ProjectConfigurationPlatforms) = postSolution
		{F43318C7-2641-4D4B-B32C-76901113FBC8}.Debug|Any CPU.ActiveCfg = Debug|Any CPU
		{F43318C7-2641-4D4B-B32C-76901113FBC8}.Debug|Any CPU.Build.0 = Debug|Any CPU
		{F43318C7-2641-4D4B-B32C-76901113FBC8}.Release|Any CPU.ActiveCfg = Release|Any CPU
		{F43318C7-2641-4D4B-B32C-76901113FBC8}.Release|Any CPU.Build.0 = Release|Any CPU
		{5F2A3378-8332-4E9B-8E79-926642A93EFA}.Debug|Any CPU.ActiveCfg = Debug|Any CPU
		{5F2A3378-8332-4E9B-8E79-926642A93EFA}.Debug|Any CPU.Build.0 = Debug|Any CPU
		{5F2A3378-8332-4E9B-8E79-926642A93EFA}.Release|Any CPU.ActiveCfg = Release|Any CPU
		{5F2A3378-8332-4E9B-8E79-926642A93EFA}.Release|Any CPU.Build.0 = Release|Any CPU
		{BD4E2DC8-AB8B-4FD6-9B06-49D7D5699097}.Debug|Any CPU.ActiveCfg = Debug|Any CPU
		{BD4E2DC8-AB8B-4FD6-9B06-49D7D5699097}.Debug|Any CPU.Build.0 = Debug|Any CPU
		{BD4E2DC8-AB8B-4FD6-9B06-49D7D5699097}.Release|Any CPU.ActiveCfg = Release|Any CPU
		{BD4E2DC8-AB8B-4FD6-9B06-49D7D5699097}.Release|Any CPU.Build.0 = Release|Any CPU
		{992E6A23-BED9-4321-AE0F-E4502485B0BE}.Debug|Any CPU.ActiveCfg = Debug|Any CPU
		{992E6A23-BED9-4321-AE0F-E4502485B0BE}.Debug|Any CPU.Build.0 = Debug|Any CPU
		{992E6A23-BED9-4321-AE0F-E4502485B0BE}.Release|Any CPU.ActiveCfg = Release|Any CPU
		{992E6A23-BED9-4321-AE0F-E4502485B0BE}.Release|Any CPU.Build.0 = Release|Any CPU
		{3E642DB4-9CED-4EF0-B83E-7AE3F58133C5}.Debug|Any CPU.ActiveCfg = Debug|Any CPU
		{3E642DB4-9CED-4EF0-B83E-7AE3F58133C5}.Debug|Any CPU.Build.0 = Debug|Any CPU
		{3E642DB4-9CED-4EF0-B83E-7AE3F58133C5}.Release|Any CPU.ActiveCfg = Release|Any CPU
		{3E642DB4-9CED-4EF0-B83E-7AE3F58133C5}.Release|Any CPU.Build.0 = Release|Any CPU
		{549A2D19-F457-4973-86B6-1E295004D1C3}.Debug|Any CPU.ActiveCfg = Debug|Any CPU
		{549A2D19-F457-4973-86B6-1E295004D1C3}.Debug|Any CPU.Build.0 = Debug|Any CPU
		{549A2D19-F457-4973-86B6-1E295004D1C3}.Release|Any CPU.ActiveCfg = Release|Any CPU
		{549A2D19-F457-4973-86B6-1E295004D1C3}.Release|Any CPU.Build.0 = Release|Any CPU
		{DCCF537F-5C58-462E-9F6F-415F9A7E261A}.Debug|Any CPU.ActiveCfg = Debug|Any CPU
		{DCCF537F-5C58-462E-9F6F-415F9A7E261A}.Debug|Any CPU.Build.0 = Debug|Any CPU
		{DCCF537F-5C58-462E-9F6F-415F9A7E261A}.Release|Any CPU.ActiveCfg = Release|Any CPU
		{DCCF537F-5C58-462E-9F6F-415F9A7E261A}.Release|Any CPU.Build.0 = Release|Any CPU
		{D7BAF4F6-07D6-495D-A250-E2992D693860}.Debug|Any CPU.ActiveCfg = Debug|Any CPU
		{D7BAF4F6-07D6-495D-A250-E2992D693860}.Debug|Any CPU.Build.0 = Debug|Any CPU
		{D7BAF4F6-07D6-495D-A250-E2992D693860}.Release|Any CPU.ActiveCfg = Release|Any CPU
		{D7BAF4F6-07D6-495D-A250-E2992D693860}.Release|Any CPU.Build.0 = Release|Any CPU
		{034F7F56-7A2A-47D6-9021-9E7B2A1C04A1}.Debug|Any CPU.ActiveCfg = Debug|Any CPU
		{034F7F56-7A2A-47D6-9021-9E7B2A1C04A1}.Debug|Any CPU.Build.0 = Debug|Any CPU
		{034F7F56-7A2A-47D6-9021-9E7B2A1C04A1}.Release|Any CPU.ActiveCfg = Release|Any CPU
		{034F7F56-7A2A-47D6-9021-9E7B2A1C04A1}.Release|Any CPU.Build.0 = Release|Any CPU
		{34E667CB-CB12-4E0D-9978-2CDF7CB32835}.Debug|Any CPU.ActiveCfg = Debug|Any CPU
		{34E667CB-CB12-4E0D-9978-2CDF7CB32835}.Debug|Any CPU.Build.0 = Debug|Any CPU
		{34E667CB-CB12-4E0D-9978-2CDF7CB32835}.Release|Any CPU.ActiveCfg = Release|Any CPU
		{34E667CB-CB12-4E0D-9978-2CDF7CB32835}.Release|Any CPU.Build.0 = Release|Any CPU
		{87E5312F-BF2F-4B20-A380-BC78FDCE1BC2}.Debug|Any CPU.ActiveCfg = Debug|Any CPU
		{87E5312F-BF2F-4B20-A380-BC78FDCE1BC2}.Debug|Any CPU.Build.0 = Debug|Any CPU
		{87E5312F-BF2F-4B20-A380-BC78FDCE1BC2}.Release|Any CPU.ActiveCfg = Release|Any CPU
		{87E5312F-BF2F-4B20-A380-BC78FDCE1BC2}.Release|Any CPU.Build.0 = Release|Any CPU
		{C5A72859-0EE7-46F0-8E4F-E06D7B61211A}.Debug|Any CPU.ActiveCfg = Debug|Any CPU
		{C5A72859-0EE7-46F0-8E4F-E06D7B61211A}.Debug|Any CPU.Build.0 = Debug|Any CPU
		{C5A72859-0EE7-46F0-8E4F-E06D7B61211A}.Release|Any CPU.ActiveCfg = Release|Any CPU
		{C5A72859-0EE7-46F0-8E4F-E06D7B61211A}.Release|Any CPU.Build.0 = Release|Any CPU
	EndGlobalSection
	GlobalSection(SolutionProperties) = preSolution
		HideSolutionNode = FALSE
	EndGlobalSection
	GlobalSection(NestedProjects) = preSolution
		{F43318C7-2641-4D4B-B32C-76901113FBC8} = {A8AA26D7-B25E-4379-9327-50E1A420A529}
		{5F2A3378-8332-4E9B-8E79-926642A93EFA} = {A8AA26D7-B25E-4379-9327-50E1A420A529}
		{BD4E2DC8-AB8B-4FD6-9B06-49D7D5699097} = {A8AA26D7-B25E-4379-9327-50E1A420A529}
		{992E6A23-BED9-4321-AE0F-E4502485B0BE} = {61AD959D-4BE8-49E7-AE57-932D6C72EF76}
		{3E642DB4-9CED-4EF0-B83E-7AE3F58133C5} = {61AD959D-4BE8-49E7-AE57-932D6C72EF76}
		{549A2D19-F457-4973-86B6-1E295004D1C3} = {61AD959D-4BE8-49E7-AE57-932D6C72EF76}
		{DCCF537F-5C58-462E-9F6F-415F9A7E261A} = {FFBCC24F-BC3B-4A5D-AEF4-B670A981DA40}
		{D7BAF4F6-07D6-495D-A250-E2992D693860} = {FFBCC24F-BC3B-4A5D-AEF4-B670A981DA40}
		{034F7F56-7A2A-47D6-9021-9E7B2A1C04A1} = {FFBCC24F-BC3B-4A5D-AEF4-B670A981DA40}
		{34E667CB-CB12-4E0D-9978-2CDF7CB32835} = {01383578-6B8D-4E52-A60B-95867A6E2C2B}
		{87E5312F-BF2F-4B20-A380-BC78FDCE1BC2} = {01383578-6B8D-4E52-A60B-95867A6E2C2B}
		{C5A72859-0EE7-46F0-8E4F-E06D7B61211A} = {01383578-6B8D-4E52-A60B-95867A6E2C2B}
	EndGlobalSection
	GlobalSection(ExtensibilityGlobals) = postSolution
		SolutionGuid = {875EC420-E9AE-4076-BE5C-2ECD824CF290}
	EndGlobalSection
EndGlobal
